
Microsoft Visual Studio Solution File, Format Version 12.00
# Visual Studio 2013
VisualStudioVersion = 12.0.31101.0
MinimumVisualStudioVersion = 10.0.40219.1
Project("{FAE04EC0-301F-11D3-BF4B-00C04F79EFBC}") = "ProyectoCineReserva", "ProyectoCineReserva\ProyectoCineReserva.csproj", "{DD4ED9BE-D373-4F36-9AC8-41FC6AF81849}"
EndProject
Project("{FAE04EC0-301F-11D3-BF4B-00C04F79EFBC}") = "ProyectoCineReserva.Tests", "ProyectoCineReserva.Tests\ProyectoCineReserva.Tests.csproj", "{747D90F1-6AE1-47B0-B27B-DB64BD9AA7FF}"
EndProject
Global
	GlobalSection(SolutionConfigurationPlatforms) = preSolution
		Debug|Any CPU = Debug|Any CPU
		Release|Any CPU = Release|Any CPU
	EndGlobalSection
	GlobalSection(ProjectConfigurationPlatforms) = postSolution
		{DD4ED9BE-D373-4F36-9AC8-41FC6AF81849}.Debug|Any CPU.ActiveCfg = Debug|Any CPU
		{DD4ED9BE-D373-4F36-9AC8-41FC6AF81849}.Debug|Any CPU.Build.0 = Debug|Any CPU
		{DD4ED9BE-D373-4F36-9AC8-41FC6AF81849}.Release|Any CPU.ActiveCfg = Release|Any CPU
		{DD4ED9BE-D373-4F36-9AC8-41FC6AF81849}.Release|Any CPU.Build.0 = Release|Any CPU
		{747D90F1-6AE1-47B0-B27B-DB64BD9AA7FF}.Debug|Any CPU.ActiveCfg = Debug|Any CPU
		{747D90F1-6AE1-47B0-B27B-DB64BD9AA7FF}.Debug|Any CPU.Build.0 = Debug|Any CPU
		{747D90F1-6AE1-47B0-B27B-DB64BD9AA7FF}.Release|Any CPU.ActiveCfg = Release|Any CPU
		{747D90F1-6AE1-47B0-B27B-DB64BD9AA7FF}.Release|Any CPU.Build.0 = Release|Any CPU
	EndGlobalSection
	GlobalSection(SolutionProperties) = preSolution
		HideSolutionNode = FALSE
	EndGlobalSection
EndGlobal
